
Microsoft Visual Studio Solution File, Format Version 12.00
# Visual Studio 15
VisualStudioVersion = 15.0.26430.16
MinimumVisualStudioVersion = 10.0.40219.1
Project("{8BC9CEB8-8B4A-11D0-8D11-00A0C91BC942}") = "RayCaster", "RayCaster\RayCaster.vcxproj", "{30B42912-C0A9-44EF-B3E2-D08F242929E0}"
EndProject
Global
	GlobalSection(SolutionConfigurationPlatforms) = preSolution
		Debug|x64 = Debug|x64
		Debug|x86 = Debug|x86
		Release|x64 = Release|x64
		Release|x86 = Release|x86
		TestConfig|x64 = TestConfig|x64
		TestConfig|x86 = TestConfig|x86
	EndGlobalSection
	GlobalSection(ProjectConfigurationPlatforms) = postSolution
		{30B42912-C0A9-44EF-B3E2-D08F242929E0}.Debug|x64.ActiveCfg = Debug|x64
		{30B42912-C0A9-44EF-B3E2-D08F242929E0}.Debug|x64.Build.0 = Debug|x64
		{30B42912-C0A9-44EF-B3E2-D08F242929E0}.Debug|x86.ActiveCfg = Debug|Win32
		{30B42912-C0A9-44EF-B3E2-D08F242929E0}.Debug|x86.Build.0 = Debug|Win32
		{30B42912-C0A9-44EF-B3E2-D08F242929E0}.Release|x64.ActiveCfg = Release|x64
		{30B42912-C0A9-44EF-B3E2-D08F242929E0}.Release|x64.Build.0 = Release|x64
		{30B42912-C0A9-44EF-B3E2-D08F242929E0}.Release|x86.ActiveCfg = Release|Win32
		{30B42912-C0A9-44EF-B3E2-D08F242929E0}.Release|x86.Build.0 = Release|Win32
		{30B42912-C0A9-44EF-B3E2-D08F242929E0}.TestConfig|x64.ActiveCfg = TestConfig|x64
		{30B42912-C0A9-44EF-B3E2-D08F242929E0}.TestConfig|x64.Build.0 = TestConfig|x64
		{30B42912-C0A9-44EF-B3E2-D08F242929E0}.TestConfig|x86.ActiveCfg = TestConfig|Win32
		{30B42912-C0A9-44EF-B3E2-D08F242929E0}.TestConfig|x86.Build.0 = TestConfig|Win32
	EndGlobalSection
	GlobalSection(SolutionProperties) = preSolution
		HideSolutionNode = FALSE
	EndGlobalSection
EndGlobal
